<Solution>
  <Folder Name="/shared/" />
  <Folder Name="/shared/src/">
    <Project Path="shared/src/HizenLabs.Shared/HizenLabs.Shared.csproj">
      <BuildType Project="Release" />
      <Platform Project="Carbon" />
    </Project>
  </Folder>
  <Folder Name="/src/">
    <Project Path="src/HizenLabs.Plugins/HizenLabs.Plugins.csproj" />
  </Folder>
</Solution>
